
Microsoft Visual Studio Solution File, Format Version 12.00
# Visual Studio Version 16
VisualStudioVersion = 16.0.29215.179
MinimumVisualStudioVersion = 10.0.40219.1
Project("{FAE04EC0-301F-11D3-BF4B-00C04F79EFBC}") = "VkBirthdayApp", "VkBirthdayApp.csproj", "{DEF53718-A219-4A76-9844-28E36EF9DA0A}"
EndProject
Global
	GlobalSection(SolutionConfigurationPlatforms) = preSolution
		Debug|Any CPU = Debug|Any CPU
		Release|Any CPU = Release|Any CPU
	EndGlobalSection
	GlobalSection(ProjectConfigurationPlatforms) = postSolution
		{DEF53718-A219-4A76-9844-28E36EF9DA0A}.Debug|Any CPU.ActiveCfg = Debug|Any CPU
		{DEF53718-A219-4A76-9844-28E36EF9DA0A}.Debug|Any CPU.Build.0 = Debug|Any CPU
		{DEF53718-A219-4A76-9844-28E36EF9DA0A}.Release|Any CPU.ActiveCfg = Release|Any CPU
		{DEF53718-A219-4A76-9844-28E36EF9DA0A}.Release|Any CPU.Build.0 = Release|Any CPU
	EndGlobalSection
	GlobalSection(SolutionProperties) = preSolution
		HideSolutionNode = FALSE
	EndGlobalSection
	GlobalSection(ExtensibilityGlobals) = postSolution
		SolutionGuid = {96E62522-16DF-45BA-8A49-D697DD258AF9}
	EndGlobalSection
EndGlobal
